
Microsoft Visual Studio Solution File, Format Version 12.00
# Visual Studio 14
VisualStudioVersion = 14.0.24720.0
MinimumVisualStudioVersion = 10.0.40219.1
Project("{FAE04EC0-301F-11D3-BF4B-00C04F79EFBC}") = "AkkaTest", "AkkaTest\AkkaTest.csproj", "{F4966DC7-B7EF-4AD1-9978-56F526422145}"
EndProject
Project("{FAE04EC0-301F-11D3-BF4B-00C04F79EFBC}") = "AkkaTest.Tests", "AkkaTest.Tests\AkkaTest.Tests.csproj", "{217C56DE-7A61-4BCF-A260-8C7ECD413588}"
EndProject
Global
	GlobalSection(SolutionConfigurationPlatforms) = preSolution
		Debug|Any CPU = Debug|Any CPU
		Release|Any CPU = Release|Any CPU
	EndGlobalSection
	GlobalSection(ProjectConfigurationPlatforms) = postSolution
		{F4966DC7-B7EF-4AD1-9978-56F526422145}.Debug|Any CPU.ActiveCfg = Debug|Any CPU
		{F4966DC7-B7EF-4AD1-9978-56F526422145}.Debug|Any CPU.Build.0 = Debug|Any CPU
		{F4966DC7-B7EF-4AD1-9978-56F526422145}.Release|Any CPU.ActiveCfg = Release|Any CPU
		{F4966DC7-B7EF-4AD1-9978-56F526422145}.Release|Any CPU.Build.0 = Release|Any CPU
		{217C56DE-7A61-4BCF-A260-8C7ECD413588}.Debug|Any CPU.ActiveCfg = Debug|Any CPU
		{217C56DE-7A61-4BCF-A260-8C7ECD413588}.Debug|Any CPU.Build.0 = Debug|Any CPU
		{217C56DE-7A61-4BCF-A260-8C7ECD413588}.Release|Any CPU.ActiveCfg = Release|Any CPU
		{217C56DE-7A61-4BCF-A260-8C7ECD413588}.Release|Any CPU.Build.0 = Release|Any CPU
	EndGlobalSection
	GlobalSection(SolutionProperties) = preSolution
		HideSolutionNode = FALSE
	EndGlobalSection
EndGlobal
